
Microsoft Visual Studio Solution File, Format Version 12.00
# Visual Studio Version 17
VisualStudioVersion = 17.8.34511.84
MinimumVisualStudioVersion = 10.0.40219.1
Project("{FAE04EC0-301F-11D3-BF4B-00C04F79EFBC}") = "Finance_Project", "Finance_Project\Finance_Project.csproj", "{43EBF785-BF26-4D22-9D16-8F457F0A7A38}"
EndProject
Global
	GlobalSection(SolutionConfigurationPlatforms) = preSolution
		Debug|Any CPU = Debug|Any CPU
		Release|Any CPU = Release|Any CPU
	EndGlobalSection
	GlobalSection(ProjectConfigurationPlatforms) = postSolution
		{43EBF785-BF26-4D22-9D16-8F457F0A7A38}.Debug|Any CPU.ActiveCfg = Debug|Any CPU
		{43EBF785-BF26-4D22-9D16-8F457F0A7A38}.Debug|Any CPU.Build.0 = Debug|Any CPU
		{43EBF785-BF26-4D22-9D16-8F457F0A7A38}.Release|Any CPU.ActiveCfg = Release|Any CPU
		{43EBF785-BF26-4D22-9D16-8F457F0A7A38}.Release|Any CPU.Build.0 = Release|Any CPU
	EndGlobalSection
	GlobalSection(SolutionProperties) = preSolution
		HideSolutionNode = FALSE
	EndGlobalSection
	GlobalSection(ExtensibilityGlobals) = postSolution
		SolutionGuid = {743A8829-1067-4EA8-BF63-966F067A66DF}
	EndGlobalSection
EndGlobal
